
Microsoft Visual Studio Solution File, Format Version 12.00
# Visual Studio 2012
Project("{FAE04EC0-301F-11D3-BF4B-00C04F79EFBC}") = "ALGraph", "ALGraph\ALGraph.csproj", "{6B4D92DA-B5A5-402E-B25D-39D359960E56}"
EndProject
Project("{FAE04EC0-301F-11D3-BF4B-00C04F79EFBC}") = "AppManage", "AppManage\AppManage.csproj", "{BE1A7A44-31C8-49BA-AFCD-AD2D02C34EF5}"
EndProject
Project("{FAE04EC0-301F-11D3-BF4B-00C04F79EFBC}") = "BLL", "BLL\BLL.csproj", "{34E1A369-60A6-4559-B448-9E38F18097E6}"
EndProject
Project("{FAE04EC0-301F-11D3-BF4B-00C04F79EFBC}") = "calculator", "calculator\calculator.csproj", "{3142F2D7-9A05-480F-A4CE-804B61AD011D}"
EndProject
Project("{FAE04EC0-301F-11D3-BF4B-00C04F79EFBC}") = "CommonControl", "CommonControl\CommonControl.csproj", "{7848FD5E-2BC4-42FB-8CFE-BBB479533969}"
EndProject
Project("{FAE04EC0-301F-11D3-BF4B-00C04F79EFBC}") = "ConnectionPool", "ConnectionPool\ConnectionPool.csproj", "{5C99EAC9-A707-470D-83BF-4EC6CBA93F83}"
EndProject
Project("{FAE04EC0-301F-11D3-BF4B-00C04F79EFBC}") = "DALFactory", "DALFactory\DALFactory.csproj", "{32C73589-2277-4665-A170-55892F601D33}"
EndProject
Project("{FAE04EC0-301F-11D3-BF4B-00C04F79EFBC}") = "DataSearch", "DataSearch\DataSearch.csproj", "{F6105CFB-485F-41BB-9F28-50A66C11E0B8}"
EndProject
Project("{FAE04EC0-301F-11D3-BF4B-00C04F79EFBC}") = "DataImport", "DataImport\DataImport.csproj", "{0848803A-1604-45AC-95A4-0F6573156443}"
EndProject
Project("{FAE04EC0-301F-11D3-BF4B-00C04F79EFBC}") = "DBUtility", "DBUtility\DBUtility.csproj", "{32CB2732-72EA-4478-80A4-A3AE4FA34FC8}"
EndProject
Project("{FAE04EC0-301F-11D3-BF4B-00C04F79EFBC}") = "ExportLib", "ExportLib\ExportLib.csproj", "{5629BAC0-6090-432E-A67D-06FCFC443170}"
EndProject
Project("{FAE04EC0-301F-11D3-BF4B-00C04F79EFBC}") = "GlobalConfig", "GlobalConfig\GlobalConfig.csproj", "{3D62488E-EBC5-45F3-8576-0DB33CE74E7F}"
EndProject
Project("{FAE04EC0-301F-11D3-BF4B-00C04F79EFBC}") = "IDAL", "IDAL\IDAL.csproj", "{F638097C-843F-4F8A-A002-BB8EBA72BC8F}"
EndProject
Project("{FAE04EC0-301F-11D3-BF4B-00C04F79EFBC}") = "Model", "Model\Model.csproj", "{50398B56-96C7-4FD4-A81A-467B34EDEF1F}"
EndProject
Project("{FAE04EC0-301F-11D3-BF4B-00C04F79EFBC}") = "Stress", "Stress\Stress.csproj", "{C08D2BE0-31F3-469A-AF9D-6DFC565E4530}"
EndProject
Project("{FAE04EC0-301F-11D3-BF4B-00C04F79EFBC}") = "Utility", "Utility\Utility.csproj", "{5099C05A-9AE9-437B-A35A-D4948FA75CCB}"
EndProject
Project("{FAE04EC0-301F-11D3-BF4B-00C04F79EFBC}") = "Tracking", "Tracking\Tracking.csproj", "{2A7B859C-88DF-4BB2-B4C1-452108EA8438}"
EndProject
Project("{FAE04EC0-301F-11D3-BF4B-00C04F79EFBC}") = "Graphics", "Graphics\Graphics.csproj", "{0379329A-EC3E-4F79-B448-B9AA27759546}"
EndProject
Project("{FAE04EC0-301F-11D3-BF4B-00C04F79EFBC}") = "DataManage", "DataManage\DataManage.csproj", "{975F41ED-B2E2-48D3-A847-884DA25E62E5}"
EndProject
Project("{FAE04EC0-301F-11D3-BF4B-00C04F79EFBC}") = "MainApp", "MainApp\MainApp.csproj", "{31513417-6C41-48EB-9AC4-66B21C61A844}"
EndProject
Project("{FAE04EC0-301F-11D3-BF4B-00C04F79EFBC}") = "SqlDbDAL", "SqlDbDAL\SqlDbDAL.csproj", "{5AF217BC-40B1-40AC-84FC-B455AB45F688}"
EndProject
Project("{FAE04EC0-301F-11D3-BF4B-00C04F79EFBC}") = "DataExport", "DataExport\DataExport.csproj", "{EED659F3-69F8-4344-81FE-3B7238CA6748}"
EndProject
Project("{FAE04EC0-301F-11D3-BF4B-00C04F79EFBC}") = "TestDLL", "TestDLL\TestDLL.csproj", "{21DD2427-2FA1-4520-A88D-603A339D6833}"
EndProject
Project("{FAE04EC0-301F-11D3-BF4B-00C04F79EFBC}") = "ImportOldData", "ImportOldData\ImportOldData.csproj", "{5B29466B-166B-4987-8161-5C40436CD063}"
EndProject
Project("{FAE04EC0-301F-11D3-BF4B-00C04F79EFBC}") = "ConfigWPF", "ConfigWPF\ConfigWPF.csproj", "{E2D50737-2AF8-4086-8553-8F8F3A1E4E26}"
EndProject
Global
	GlobalSection(SolutionConfigurationPlatforms) = preSolution
		Debug|Any CPU = Debug|Any CPU
		Debug|x86 = Debug|x86
		Release|Any CPU = Release|Any CPU
		Release|x86 = Release|x86
	EndGlobalSection
	GlobalSection(ProjectConfigurationPlatforms) = postSolution
		{6B4D92DA-B5A5-402E-B25D-39D359960E56}.Debug|Any CPU.ActiveCfg = Debug|Any CPU
		{6B4D92DA-B5A5-402E-B25D-39D359960E56}.Debug|Any CPU.Build.0 = Debug|Any CPU
		{6B4D92DA-B5A5-402E-B25D-39D359960E56}.Debug|x86.ActiveCfg = Debug|x86
		{6B4D92DA-B5A5-402E-B25D-39D359960E56}.Debug|x86.Build.0 = Debug|x86
		{6B4D92DA-B5A5-402E-B25D-39D359960E56}.Release|Any CPU.ActiveCfg = Release|Any CPU
		{6B4D92DA-B5A5-402E-B25D-39D359960E56}.Release|Any CPU.Build.0 = Release|Any CPU
		{6B4D92DA-B5A5-402E-B25D-39D359960E56}.Release|x86.ActiveCfg = Release|x86
		{6B4D92DA-B5A5-402E-B25D-39D359960E56}.Release|x86.Build.0 = Release|x86
		{BE1A7A44-31C8-49BA-AFCD-AD2D02C34EF5}.Debug|Any CPU.ActiveCfg = Debug|Any CPU
		{BE1A7A44-31C8-49BA-AFCD-AD2D02C34EF5}.Debug|Any CPU.Build.0 = Debug|Any CPU
		{BE1A7A44-31C8-49BA-AFCD-AD2D02C34EF5}.Debug|x86.ActiveCfg = Debug|x86
		{BE1A7A44-31C8-49BA-AFCD-AD2D02C34EF5}.Debug|x86.Build.0 = Debug|x86
		{BE1A7A44-31C8-49BA-AFCD-AD2D02C34EF5}.Release|Any CPU.ActiveCfg = Release|Any CPU
		{BE1A7A44-31C8-49BA-AFCD-AD2D02C34EF5}.Release|Any CPU.Build.0 = Release|Any CPU
		{BE1A7A44-31C8-49BA-AFCD-AD2D02C34EF5}.Release|x86.ActiveCfg = Release|x86
		{BE1A7A44-31C8-49BA-AFCD-AD2D02C34EF5}.Release|x86.Build.0 = Release|x86
		{34E1A369-60A6-4559-B448-9E38F18097E6}.Debug|Any CPU.ActiveCfg = Debug|Any CPU
		{34E1A369-60A6-4559-B448-9E38F18097E6}.Debug|Any CPU.Build.0 = Debug|Any CPU
		{34E1A369-60A6-4559-B448-9E38F18097E6}.Debug|x86.ActiveCfg = Debug|x86
		{34E1A369-60A6-4559-B448-9E38F18097E6}.Debug|x86.Build.0 = Debug|x86
		{34E1A369-60A6-4559-B448-9E38F18097E6}.Release|Any CPU.ActiveCfg = Release|Any CPU
		{34E1A369-60A6-4559-B448-9E38F18097E6}.Release|Any CPU.Build.0 = Release|Any CPU
		{34E1A369-60A6-4559-B448-9E38F18097E6}.Release|x86.ActiveCfg = Release|x86
		{34E1A369-60A6-4559-B448-9E38F18097E6}.Release|x86.Build.0 = Release|x86
		{3142F2D7-9A05-480F-A4CE-804B61AD011D}.Debug|Any CPU.ActiveCfg = Debug|Any CPU
		{3142F2D7-9A05-480F-A4CE-804B61AD011D}.Debug|Any CPU.Build.0 = Debug|Any CPU
		{3142F2D7-9A05-480F-A4CE-804B61AD011D}.Debug|x86.ActiveCfg = Debug|x86
		{3142F2D7-9A05-480F-A4CE-804B61AD011D}.Debug|x86.Build.0 = Debug|x86
		{3142F2D7-9A05-480F-A4CE-804B61AD011D}.Release|Any CPU.ActiveCfg = Release|Any CPU
		{3142F2D7-9A05-480F-A4CE-804B61AD011D}.Release|Any CPU.Build.0 = Release|Any CPU
		{3142F2D7-9A05-480F-A4CE-804B61AD011D}.Release|x86.ActiveCfg = Release|x86
		{3142F2D7-9A05-480F-A4CE-804B61AD011D}.Release|x86.Build.0 = Release|x86
		{7848FD5E-2BC4-42FB-8CFE-BBB479533969}.Debug|Any CPU.ActiveCfg = Debug|Any CPU
		{7848FD5E-2BC4-42FB-8CFE-BBB479533969}.Debug|Any CPU.Build.0 = Debug|Any CPU
		{7848FD5E-2BC4-42FB-8CFE-BBB479533969}.Debug|x86.ActiveCfg = Debug|x86
		{7848FD5E-2BC4-42FB-8CFE-BBB479533969}.Debug|x86.Build.0 = Debug|x86
		{7848FD5E-2BC4-42FB-8CFE-BBB479533969}.Release|Any CPU.ActiveCfg = Release|Any CPU
		{7848FD5E-2BC4-42FB-8CFE-BBB479533969}.Release|Any CPU.Build.0 = Release|Any CPU
		{7848FD5E-2BC4-42FB-8CFE-BBB479533969}.Release|x86.ActiveCfg = Release|x86
		{7848FD5E-2BC4-42FB-8CFE-BBB479533969}.Release|x86.Build.0 = Release|x86
		{5C99EAC9-A707-470D-83BF-4EC6CBA93F83}.Debug|Any CPU.ActiveCfg = Debug|Any CPU
		{5C99EAC9-A707-470D-83BF-4EC6CBA93F83}.Debug|Any CPU.Build.0 = Debug|Any CPU
		{5C99EAC9-A707-470D-83BF-4EC6CBA93F83}.Debug|x86.ActiveCfg = Debug|x86
		{5C99EAC9-A707-470D-83BF-4EC6CBA93F83}.Debug|x86.Build.0 = Debug|x86
		{5C99EAC9-A707-470D-83BF-4EC6CBA93F83}.Release|Any CPU.ActiveCfg = Release|Any CPU
		{5C99EAC9-A707-470D-83BF-4EC6CBA93F83}.Release|Any CPU.Build.0 = Release|Any CPU
		{5C99EAC9-A707-470D-83BF-4EC6CBA93F83}.Release|x86.ActiveCfg = Release|x86
		{5C99EAC9-A707-470D-83BF-4EC6CBA93F83}.Release|x86.Build.0 = Release|x86
		{32C73589-2277-4665-A170-55892F601D33}.Debug|Any CPU.ActiveCfg = Debug|Any CPU
		{32C73589-2277-4665-A170-55892F601D33}.Debug|Any CPU.Build.0 = Debug|Any CPU
		{32C73589-2277-4665-A170-55892F601D33}.Debug|x86.ActiveCfg = Debug|x86
		{32C73589-2277-4665-A170-55892F601D33}.Debug|x86.Build.0 = Debug|x86
		{32C73589-2277-4665-A170-55892F601D33}.Release|Any CPU.ActiveCfg = Release|Any CPU
		{32C73589-2277-4665-A170-55892F601D33}.Release|Any CPU.Build.0 = Release|Any CPU
		{32C73589-2277-4665-A170-55892F601D33}.Release|x86.ActiveCfg = Release|x86
		{32C73589-2277-4665-A170-55892F601D33}.Release|x86.Build.0 = Release|x86
		{F6105CFB-485F-41BB-9F28-50A66C11E0B8}.Debug|Any CPU.ActiveCfg = Debug|Any CPU
		{F6105CFB-485F-41BB-9F28-50A66C11E0B8}.Debug|Any CPU.Build.0 = Debug|Any CPU
		{F6105CFB-485F-41BB-9F28-50A66C11E0B8}.Debug|x86.ActiveCfg = Debug|x86
		{F6105CFB-485F-41BB-9F28-50A66C11E0B8}.Debug|x86.Build.0 = Debug|x86
		{F6105CFB-485F-41BB-9F28-50A66C11E0B8}.Release|Any CPU.ActiveCfg = Release|Any CPU
		{F6105CFB-485F-41BB-9F28-50A66C11E0B8}.Release|Any CPU.Build.0 = Release|Any CPU
		{F6105CFB-485F-41BB-9F28-50A66C11E0B8}.Release|x86.ActiveCfg = Release|x86
		{F6105CFB-485F-41BB-9F28-50A66C11E0B8}.Release|x86.Build.0 = Release|x86
		{0848803A-1604-45AC-95A4-0F6573156443}.Debug|Any CPU.ActiveCfg = Debug|Any CPU
		{0848803A-1604-45AC-95A4-0F6573156443}.Debug|Any CPU.Build.0 = Debug|Any CPU
		{0848803A-1604-45AC-95A4-0F6573156443}.Debug|x86.ActiveCfg = Debug|x86
		{0848803A-1604-45AC-95A4-0F6573156443}.Debug|x86.Build.0 = Debug|x86
		{0848803A-1604-45AC-95A4-0F6573156443}.Release|Any CPU.ActiveCfg = Release|Any CPU
		{0848803A-1604-45AC-95A4-0F6573156443}.Release|Any CPU.Build.0 = Release|Any CPU
		{0848803A-1604-45AC-95A4-0F6573156443}.Release|x86.ActiveCfg = Release|x86
		{0848803A-1604-45AC-95A4-0F6573156443}.Release|x86.Build.0 = Release|x86
		{32CB2732-72EA-4478-80A4-A3AE4FA34FC8}.Debug|Any CPU.ActiveCfg = Debug|Any CPU
		{32CB2732-72EA-4478-80A4-A3AE4FA34FC8}.Debug|Any CPU.Build.0 = Debug|Any CPU
		{32CB2732-72EA-4478-80A4-A3AE4FA34FC8}.Debug|x86.ActiveCfg = Debug|x86
		{32CB2732-72EA-4478-80A4-A3AE4FA34FC8}.Debug|x86.Build.0 = Debug|x86
		{32CB2732-72EA-4478-80A4-A3AE4FA34FC8}.Release|Any CPU.ActiveCfg = Release|Any CPU
		{32CB2732-72EA-4478-80A4-A3AE4FA34FC8}.Release|Any CPU.Build.0 = Release|Any CPU
		{32CB2732-72EA-4478-80A4-A3AE4FA34FC8}.Release|x86.ActiveCfg = Release|x86
		{32CB2732-72EA-4478-80A4-A3AE4FA34FC8}.Release|x86.Build.0 = Release|x86
		{5629BAC0-6090-432E-A67D-06FCFC443170}.Debug|Any CPU.ActiveCfg = Debug|Any CPU
		{5629BAC0-6090-432E-A67D-06FCFC443170}.Debug|Any CPU.Build.0 = Debug|Any CPU
		{5629BAC0-6090-432E-A67D-06FCFC443170}.Debug|x86.ActiveCfg = Debug|x86
		{5629BAC0-6090-432E-A67D-06FCFC443170}.Debug|x86.Build.0 = Debug|x86
		{5629BAC0-6090-432E-A67D-06FCFC443170}.Release|Any CPU.ActiveCfg = Release|Any CPU
		{5629BAC0-6090-432E-A67D-06FCFC443170}.Release|Any CPU.Build.0 = Release|Any CPU
		{5629BAC0-6090-432E-A67D-06FCFC443170}.Release|x86.ActiveCfg = Release|x86
		{5629BAC0-6090-432E-A67D-06FCFC443170}.Release|x86.Build.0 = Release|x86
		{3D62488E-EBC5-45F3-8576-0DB33CE74E7F}.Debug|Any CPU.ActiveCfg = Debug|Any CPU
		{3D62488E-EBC5-45F3-8576-0DB33CE74E7F}.Debug|Any CPU.Build.0 = Debug|Any CPU
		{3D62488E-EBC5-45F3-8576-0DB33CE74E7F}.Debug|x86.ActiveCfg = Debug|x86
		{3D62488E-EBC5-45F3-8576-0DB33CE74E7F}.Debug|x86.Build.0 = Debug|x86
		{3D62488E-EBC5-45F3-8576-0DB33CE74E7F}.Release|Any CPU.ActiveCfg = Release|Any CPU
		{3D62488E-EBC5-45F3-8576-0DB33CE74E7F}.Release|Any CPU.Build.0 = Release|Any CPU
		{3D62488E-EBC5-45F3-8576-0DB33CE74E7F}.Release|x86.ActiveCfg = Release|x86
		{3D62488E-EBC5-45F3-8576-0DB33CE74E7F}.Release|x86.Build.0 = Release|x86
		{F638097C-843F-4F8A-A002-BB8EBA72BC8F}.Debug|Any CPU.ActiveCfg = Debug|Any CPU
		{F638097C-843F-4F8A-A002-BB8EBA72BC8F}.Debug|Any CPU.Build.0 = Debug|Any CPU
		{F638097C-843F-4F8A-A002-BB8EBA72BC8F}.Debug|x86.ActiveCfg = Debug|x86
		{F638097C-843F-4F8A-A002-BB8EBA72BC8F}.Debug|x86.Build.0 = Debug|x86
		{F638097C-843F-4F8A-A002-BB8EBA72BC8F}.Release|Any CPU.ActiveCfg = Release|Any CPU
		{F638097C-843F-4F8A-A002-BB8EBA72BC8F}.Release|Any CPU.Build.0 = Release|Any CPU
		{F638097C-843F-4F8A-A002-BB8EBA72BC8F}.Release|x86.ActiveCfg = Release|x86
		{F638097C-843F-4F8A-A002-BB8EBA72BC8F}.Release|x86.Build.0 = Release|x86
		{50398B56-96C7-4FD4-A81A-467B34EDEF1F}.Debug|Any CPU.ActiveCfg = Debug|Any CPU
		{50398B56-96C7-4FD4-A81A-467B34EDEF1F}.Debug|Any CPU.Build.0 = Debug|Any CPU
		{50398B56-96C7-4FD4-A81A-467B34EDEF1F}.Debug|x86.ActiveCfg = Debug|x86
		{50398B56-96C7-4FD4-A81A-467B34EDEF1F}.Debug|x86.Build.0 = Debug|x86
		{50398B56-96C7-4FD4-A81A-467B34EDEF1F}.Release|Any CPU.ActiveCfg = Release|Any CPU
		{50398B56-96C7-4FD4-A81A-467B34EDEF1F}.Release|Any CPU.Build.0 = Release|Any CPU
		{50398B56-96C7-4FD4-A81A-467B34EDEF1F}.Release|x86.ActiveCfg = Release|x86
		{50398B56-96C7-4FD4-A81A-467B34EDEF1F}.Release|x86.Build.0 = Release|x86
		{C08D2BE0-31F3-469A-AF9D-6DFC565E4530}.Debug|Any CPU.ActiveCfg = Debug|Any CPU
		{C08D2BE0-31F3-469A-AF9D-6DFC565E4530}.Debug|Any CPU.Build.0 = Debug|Any CPU
		{C08D2BE0-31F3-469A-AF9D-6DFC565E4530}.Debug|x86.ActiveCfg = Debug|x86
		{C08D2BE0-31F3-469A-AF9D-6DFC565E4530}.Debug|x86.Build.0 = Debug|x86
		{C08D2BE0-31F3-469A-AF9D-6DFC565E4530}.Release|Any CPU.ActiveCfg = Release|Any CPU
		{C08D2BE0-31F3-469A-AF9D-6DFC565E4530}.Release|Any CPU.Build.0 = Release|Any CPU
		{C08D2BE0-31F3-469A-AF9D-6DFC565E4530}.Release|x86.ActiveCfg = Release|x86
		{C08D2BE0-31F3-469A-AF9D-6DFC565E4530}.Release|x86.Build.0 = Release|x86
		{5099C05A-9AE9-437B-A35A-D4948FA75CCB}.Debug|Any CPU.ActiveCfg = Debug|Any CPU
		{5099C05A-9AE9-437B-A35A-D4948FA75CCB}.Debug|Any CPU.Build.0 = Debug|Any CPU
		{5099C05A-9AE9-437B-A35A-D4948FA75CCB}.Debug|x86.ActiveCfg = Debug|x86
		{5099C05A-9AE9-437B-A35A-D4948FA75CCB}.Debug|x86.Build.0 = Debug|x86
		{5099C05A-9AE9-437B-A35A-D4948FA75CCB}.Release|Any CPU.ActiveCfg = Release|Any CPU
		{5099C05A-9AE9-437B-A35A-D4948FA75CCB}.Release|Any CPU.Build.0 = Release|Any CPU
		{5099C05A-9AE9-437B-A35A-D4948FA75CCB}.Release|x86.ActiveCfg = Release|x86
		{5099C05A-9AE9-437B-A35A-D4948FA75CCB}.Release|x86.Build.0 = Release|x86
		{2A7B859C-88DF-4BB2-B4C1-452108EA8438}.Debug|Any CPU.ActiveCfg = Debug|Any CPU
		{2A7B859C-88DF-4BB2-B4C1-452108EA8438}.Debug|Any CPU.Build.0 = Debug|Any CPU
		{2A7B859C-88DF-4BB2-B4C1-452108EA8438}.Debug|x86.ActiveCfg = Debug|x86
		{2A7B859C-88DF-4BB2-B4C1-452108EA8438}.Debug|x86.Build.0 = Debug|x86
		{2A7B859C-88DF-4BB2-B4C1-452108EA8438}.Release|Any CPU.ActiveCfg = Release|Any CPU
		{2A7B859C-88DF-4BB2-B4C1-452108EA8438}.Release|Any CPU.Build.0 = Release|Any CPU
		{2A7B859C-88DF-4BB2-B4C1-452108EA8438}.Release|x86.ActiveCfg = Release|x86
		{2A7B859C-88DF-4BB2-B4C1-452108EA8438}.Release|x86.Build.0 = Release|x86
		{0379329A-EC3E-4F79-B448-B9AA27759546}.Debug|Any CPU.ActiveCfg = Debug|Any CPU
		{0379329A-EC3E-4F79-B448-B9AA27759546}.Debug|Any CPU.Build.0 = Debug|Any CPU
		{0379329A-EC3E-4F79-B448-B9AA27759546}.Debug|x86.ActiveCfg = Debug|x86
		{0379329A-EC3E-4F79-B448-B9AA27759546}.Debug|x86.Build.0 = Debug|x86
		{0379329A-EC3E-4F79-B448-B9AA27759546}.Release|Any CPU.ActiveCfg = Release|Any CPU
		{0379329A-EC3E-4F79-B448-B9AA27759546}.Release|Any CPU.Build.0 = Release|Any CPU
		{0379329A-EC3E-4F79-B448-B9AA27759546}.Release|x86.ActiveCfg = Release|x86
		{0379329A-EC3E-4F79-B448-B9AA27759546}.Release|x86.Build.0 = Release|x86
		{975F41ED-B2E2-48D3-A847-884DA25E62E5}.Debug|Any CPU.ActiveCfg = Debug|Any CPU
		{975F41ED-B2E2-48D3-A847-884DA25E62E5}.Debug|Any CPU.Build.0 = Debug|Any CPU
		{975F41ED-B2E2-48D3-A847-884DA25E62E5}.Debug|x86.ActiveCfg = Debug|x86
		{975F41ED-B2E2-48D3-A847-884DA25E62E5}.Debug|x86.Build.0 = Debug|x86
		{975F41ED-B2E2-48D3-A847-884DA25E62E5}.Release|Any CPU.ActiveCfg = Release|Any CPU
		{975F41ED-B2E2-48D3-A847-884DA25E62E5}.Release|Any CPU.Build.0 = Release|Any CPU
		{975F41ED-B2E2-48D3-A847-884DA25E62E5}.Release|x86.ActiveCfg = Release|x86
		{975F41ED-B2E2-48D3-A847-884DA25E62E5}.Release|x86.Build.0 = Release|x86
		{31513417-6C41-48EB-9AC4-66B21C61A844}.Debug|Any CPU.ActiveCfg = Debug|Any CPU
		{31513417-6C41-48EB-9AC4-66B21C61A844}.Debug|Any CPU.Build.0 = Debug|Any CPU
		{31513417-6C41-48EB-9AC4-66B21C61A844}.Debug|x86.ActiveCfg = Debug|x86
		{31513417-6C41-48EB-9AC4-66B21C61A844}.Debug|x86.Build.0 = Debug|x86
		{31513417-6C41-48EB-9AC4-66B21C61A844}.Release|Any CPU.ActiveCfg = Release|Any CPU
		{31513417-6C41-48EB-9AC4-66B21C61A844}.Release|Any CPU.Build.0 = Release|Any CPU
		{31513417-6C41-48EB-9AC4-66B21C61A844}.Release|x86.ActiveCfg = Release|x86
		{31513417-6C41-48EB-9AC4-66B21C61A844}.Release|x86.Build.0 = Release|x86
		{5AF217BC-40B1-40AC-84FC-B455AB45F688}.Debug|Any CPU.ActiveCfg = Debug|Any CPU
		{5AF217BC-40B1-40AC-84FC-B455AB45F688}.Debug|Any CPU.Build.0 = Debug|Any CPU
		{5AF217BC-40B1-40AC-84FC-B455AB45F688}.Debug|x86.ActiveCfg = Debug|x86
		{5AF217BC-40B1-40AC-84FC-B455AB45F688}.Debug|x86.Build.0 = Debug|x86
		{5AF217BC-40B1-40AC-84FC-B455AB45F688}.Release|Any CPU.ActiveCfg = Release|Any CPU
		{5AF217BC-40B1-40AC-84FC-B455AB45F688}.Release|Any CPU.Build.0 = Release|Any CPU
		{5AF217BC-40B1-40AC-84FC-B455AB45F688}.Release|x86.ActiveCfg = Release|x86
		{5AF217BC-40B1-40AC-84FC-B455AB45F688}.Release|x86.Build.0 = Release|x86
		{EED659F3-69F8-4344-81FE-3B7238CA6748}.Debug|Any CPU.ActiveCfg = Debug|Any CPU
		{EED659F3-69F8-4344-81FE-3B7238CA6748}.Debug|Any CPU.Build.0 = Debug|Any CPU
		{EED659F3-69F8-4344-81FE-3B7238CA6748}.Debug|x86.ActiveCfg = Debug|x86
		{EED659F3-69F8-4344-81FE-3B7238CA6748}.Debug|x86.Build.0 = Debug|x86
		{EED659F3-69F8-4344-81FE-3B7238CA6748}.Release|Any CPU.ActiveCfg = Release|Any CPU
		{EED659F3-69F8-4344-81FE-3B7238CA6748}.Release|Any CPU.Build.0 = Release|Any CPU
		{EED659F3-69F8-4344-81FE-3B7238CA6748}.Release|x86.ActiveCfg = Release|x86
		{EED659F3-69F8-4344-81FE-3B7238CA6748}.Release|x86.Build.0 = Release|x86
		{21DD2427-2FA1-4520-A88D-603A339D6833}.Debug|Any CPU.ActiveCfg = Debug|Any CPU
		{21DD2427-2FA1-4520-A88D-603A339D6833}.Debug|Any CPU.Build.0 = Debug|Any CPU
		{21DD2427-2FA1-4520-A88D-603A339D6833}.Debug|x86.ActiveCfg = Debug|x86
		{21DD2427-2FA1-4520-A88D-603A339D6833}.Debug|x86.Build.0 = Debug|x86
		{21DD2427-2FA1-4520-A88D-603A339D6833}.Release|Any CPU.ActiveCfg = Release|Any CPU
		{21DD2427-2FA1-4520-A88D-603A339D6833}.Release|Any CPU.Build.0 = Release|Any CPU
		{21DD2427-2FA1-4520-A88D-603A339D6833}.Release|x86.ActiveCfg = Release|x86
		{21DD2427-2FA1-4520-A88D-603A339D6833}.Release|x86.Build.0 = Release|x86
		{5B29466B-166B-4987-8161-5C40436CD063}.Debug|Any CPU.ActiveCfg = Debug|Any CPU
		{5B29466B-166B-4987-8161-5C40436CD063}.Debug|Any CPU.Build.0 = Debug|Any CPU
		{5B29466B-166B-4987-8161-5C40436CD063}.Debug|x86.ActiveCfg = Debug|x86
		{5B29466B-166B-4987-8161-5C40436CD063}.Debug|x86.Build.0 = Debug|x86
		{5B29466B-166B-4987-8161-5C40436CD063}.Release|Any CPU.ActiveCfg = Release|Any CPU
		{5B29466B-166B-4987-8161-5C40436CD063}.Release|Any CPU.Build.0 = Release|Any CPU
		{5B29466B-166B-4987-8161-5C40436CD063}.Release|x86.ActiveCfg = Release|x86
		{5B29466B-166B-4987-8161-5C40436CD063}.Release|x86.Build.0 = Release|x86
		{E2D50737-2AF8-4086-8553-8F8F3A1E4E26}.Debug|Any CPU.ActiveCfg = Debug|Any CPU
		{E2D50737-2AF8-4086-8553-8F8F3A1E4E26}.Debug|Any CPU.Build.0 = Debug|Any CPU
		{E2D50737-2AF8-4086-8553-8F8F3A1E4E26}.Debug|x86.ActiveCfg = Debug|Any CPU
		{E2D50737-2AF8-4086-8553-8F8F3A1E4E26}.Release|Any CPU.ActiveCfg = Release|Any CPU
		{E2D50737-2AF8-4086-8553-8F8F3A1E4E26}.Release|Any CPU.Build.0 = Release|Any CPU
		{E2D50737-2AF8-4086-8553-8F8F3A1E4E26}.Release|x86.ActiveCfg = Release|Any CPU
	EndGlobalSection
	GlobalSection(SolutionProperties) = preSolution
		HideSolutionNode = FALSE
	EndGlobalSection
EndGlobal
